[[package]]
name = "asn1crypto"
version = "1.4.0"
description = "Fast ASN.1 parser and serializer with definitions for private keys, public keys, certificates, CRL, OCSP, CMS, PKCS#3, PKCS#7, PKCS#8, PKCS#12, PKCS#5, X.509 and TSP"
category = "main"
optional = false
python-versions = "*"

[[package]]
name = "atomicwrites"
version = "1.4.0"
description = "Atomic file writes."
category = "dev"
optional = false
python-versions = ">=2.7, !=3.0.*, !=3.1.*, !=3.2.*, !=3.3.*"

[[package]]
name = "attrs"
version = "21.2.0"
description = "Classes Without Boilerplate"
category = "dev"
optional = false
python-versions = ">=2.7, !=3.0.*, !=3.1.*, !=3.2.*, !=3.3.*, !=3.4.*"

[package.extras]
dev = ["coverage[toml] (>=5.0.2)", "hypothesis", "pympler", "pytest (>=4.3.0)", "six", "mypy", "pytest-mypy-plugins", "zope.interface", "furo", "sphinx", "sphinx-notfound-page", "pre-commit"]
docs = ["furo", "sphinx", "zope.interface", "sphinx-notfound-page"]
tests = ["coverage[toml] (>=5.0.2)", "hypothesis", "pympler", "pytest (>=4.3.0)", "six", "mypy", "pytest-mypy-plugins", "zope.interface"]
tests_no_zope = ["coverage[toml] (>=5.0.2)", "hypothesis", "pympler", "pytest (>=4.3.0)", "six", "mypy", "pytest-mypy-plugins"]

[[package]]
name = "certifi"
version = "2021.10.8"
description = "Python package for providing Mozilla's CA Bundle."
category = "main"
optional = false
python-versions = "*"

[[package]]
name = "cffi"
version = "1.15.0"
description = "Foreign Function Interface for Python calling C code."
category = "main"
optional = false
python-versions = "*"

[package.dependencies]
pycparser = "*"

[[package]]
name = "charset-normalizer"
version = "2.0.9"
description = "The Real First Universal Charset Detector. Open, modern and actively maintained alternative to Chardet."
category = "main"
optional = false
python-versions = ">=3.5.0"

[package.extras]
unicode_backport = ["unicodedata2"]

[[package]]
name = "coincurve"
version = "13.0.0"
description = "Cross-platform Python CFFI bindings for libsecp256k1"
category = "main"
optional = false
python-versions = "*"

[package.dependencies]
asn1crypto = "*"
cffi = ">=1.3.0"

[[package]]
name = "colorama"
version = "0.4.4"
description = "Cross-platform colored terminal text."
category = "dev"
optional = false
python-versions = ">=2.7, !=3.0.*, !=3.1.*, !=3.2.*, !=3.3.*, !=3.4.*"

[[package]]
name = "cytoolz"
version = "0.11.2"
description = "Cython implementation of Toolz: High performance functional utilities"
category = "main"
optional = false
python-versions = ">=3.5"

[package.dependencies]
toolz = ">=0.8.0"

[package.extras]
cython = ["cython"]

[[package]]
name = "discord-webhook"
version = "0.14.0"
description = "execute discord webhooks"
category = "main"
optional = false
python-versions = "*"

[package.dependencies]
requests = ">=2.19.1"

[[package]]
name = "eth-hash"
version = "0.3.2"
description = "eth-hash: The Ethereum hashing function, keccak256, sometimes (erroneously) called sha3"
category = "main"
optional = false
python-versions = ">=3.5, <4"

[package.extras]
dev = ["bumpversion (>=0.5.3,<1)", "pytest-watch (>=4.1.0,<5)", "wheel", "twine", "ipython", "pytest (==5.4.1)", "pytest-xdist", "tox (==3.14.6)", "flake8 (==3.7.9)", "isort (>=4.2.15,<5)", "mypy (==0.770)", "pydocstyle (>=5.0.0,<6)", "Sphinx (>=1.6.5,<2)", "sphinx-rtd-theme (>=0.1.9,<1)", "towncrier (>=19.2.0,<20)"]
doc = ["Sphinx (>=1.6.5,<2)", "sphinx-rtd-theme (>=0.1.9,<1)", "towncrier (>=19.2.0,<20)"]
lint = ["flake8 (==3.7.9)", "isort (>=4.2.15,<5)", "mypy (==0.770)", "pydocstyle (>=5.0.0,<6)"]
pycryptodome = ["pycryptodome (>=3.6.6,<4)"]
pysha3 = ["pysha3 (>=1.0.0,<2.0.0)"]
test = ["pytest (==5.4.1)", "pytest-xdist", "tox (==3.14.6)"]

[[package]]
name = "eth-keyfile"
version = "0.5.1"
description = "A library for handling the encrypted keyfiles used to store ethereum private keys."
category = "main"
optional = false
python-versions = "*"

[package.dependencies]
cytoolz = ">=0.9.0,<1.0.0"
eth-keys = ">=0.1.0-beta.4,<1.0.0"
eth-utils = ">=1.0.0-beta.1,<2.0.0"
pycryptodome = ">=3.4.7,<4.0.0"

[[package]]
name = "eth-keys"
version = "0.3.3"
description = "Common API for Ethereum key operations."
category = "main"
optional = false
python-versions = "*"

[package.dependencies]
eth-typing = ">=2.2.1,<3.0.0"
eth-utils = ">=1.3.0,<2.0.0"

[package.extras]
coincurve = ["coincurve (>=7.0.0,<13.0.0)"]
dev = ["tox (==2.7.0)", "bumpversion (==0.5.3)", "twine", "eth-utils (>=1.3.0,<2.0.0)", "eth-typing (>=2.2.1,<3.0.0)", "flake8 (==3.0.4)", "mypy (==0.701)", "asn1tools (>=0.146.2,<0.147)", "pyasn1 (>=0.4.5,<0.5)", "pytest (==3.2.2)", "hypothesis (>=4.56.1,<5.0.0)", "eth-hash", "eth-hash"]
eth-keys = ["eth-utils (>=1.3.0,<2.0.0)", "eth-typing (>=2.2.1,<3.0.0)"]
lint = ["flake8 (==3.0.4)", "mypy (==0.701)"]
test = ["asn1tools (>=0.146.2,<0.147)", "pyasn1 (>=0.4.5,<0.5)", "pytest (==3.2.2)", "hypothesis (>=4.56.1,<5.0.0)", "eth-hash", "eth-hash"]

[[package]]
name = "eth-typing"
version = "2.2.2"
description = "eth-typing: Common type annotations for ethereum python packages"
category = "main"
optional = false
python-versions = ">=3.5, <4"

[package.extras]
dev = ["bumpversion (>=0.5.3,<1)", "pytest-watch (>=4.1.0,<5)", "wheel", "twine", "ipython", "pytest (>=4.4,<4.5)", "pytest-xdist", "tox (>=2.9.1,<3)", "flake8 (==3.8.3)", "isort (>=4.2.15,<5)", "mypy (==0.782)", "pydocstyle (>=3.0.0,<4)", "Sphinx (>=1.6.5,<2)", "sphinx-rtd-theme (>=0.1.9)"]
doc = ["Sphinx (>=1.6.5,<2)", "sphinx-rtd-theme (>=0.1.9)"]
lint = ["flake8 (==3.8.3)", "isort (>=4.2.15,<5)", "mypy (==0.782)", "pydocstyle (>=3.0.0,<4)"]
test = ["pytest (>=4.4,<4.5)", "pytest-xdist", "tox (>=2.9.1,<3)"]

[[package]]
name = "eth-utils"
version = "1.10.0"
description = "eth-utils: Common utility functions for python code that interacts with Ethereum"
category = "main"
optional = false
python-versions = ">=3.5,!=3.5.2,<4"

[package.dependencies]
cytoolz = {version = ">=0.10.1,<1.0.0", markers = "implementation_name == \"cpython\""}
eth-hash = ">=0.3.1,<0.4.0"
eth-typing = ">=2.2.1,<3.0.0"
toolz = {version = ">0.8.2,<1", markers = "implementation_name == \"pypy\""}

[package.extras]
dev = ["bumpversion (>=0.5.3,<1)", "pytest-watch (>=4.1.0,<5)", "wheel (>=0.30.0,<1.0.0)", "twine (>=1.13,<2)", "ipython", "hypothesis (>=4.43.0,<5.0.0)", "pytest (==5.4.1)", "pytest-xdist", "tox (==3.14.6)", "black (>=18.6b4,<19)", "flake8 (==3.7.9)", "isort (>=4.2.15,<5)", "mypy (==0.720)", "pydocstyle (>=5.0.0,<6)", "pytest (>=3.4.1,<4.0.0)", "Sphinx (>=1.6.5,<2)", "sphinx-rtd-theme (>=0.1.9,<2)", "towncrier (>=19.2.0,<20)"]
doc = ["Sphinx (>=1.6.5,<2)", "sphinx-rtd-theme (>=0.1.9,<2)", "towncrier (>=19.2.0,<20)"]
lint = ["black (>=18.6b4,<19)", "flake8 (==3.7.9)", "isort (>=4.2.15,<5)", "mypy (==0.720)", "pydocstyle (>=5.0.0,<6)", "pytest (>=3.4.1,<4.0.0)"]
test = ["hypothesis (>=4.43.0,<5.0.0)", "pytest (==5.4.1)", "pytest-xdist", "tox (==3.14.6)"]

[[package]]
name = "iconsdk"
version = "1.3.6"
description = "ICON SDK for Python is a collection of libraries which allow you to interact with a local or remote ICON node using an HTTP connection."
category = "main"
optional = false
python-versions = "~=3.7"

[package.dependencies]
coincurve = ">=13.0.0,<13.1.0"
eth-keyfile = ">=0.5.1,<0.6.0"
multipledispatch = ">=0.6.0,<0.7.0"
requests = ">=2.20.0"
requests-mock = ">=1.8.0,<1.9.0"

[package.extras]
tests = ["pytest (>=6.2.5,<6.3.0)"]

[[package]]
name = "idna"
version = "3.3"
description = "Internationalized Domain Names in Applications (IDNA)"
category = "main"
optional = false
python-versions = ">=3.5"

[[package]]
name = "more-itertools"
version = "8.12.0"
description = "More routines for operating on iterables, beyond itertools"
category = "dev"
optional = false
python-versions = ">=3.5"

[[package]]
name = "multipledispatch"
version = "0.6.0"
description = "Multiple dispatch"
category = "main"
optional = false
python-versions = "*"

[package.dependencies]
six = "*"

[[package]]
name = "packaging"
version = "21.3"
description = "Core utilities for Python packages"
category = "dev"
optional = false
python-versions = ">=3.6"

[package.dependencies]
pyparsing = ">=2.0.2,<3.0.5 || >3.0.5"

[[package]]
name = "pluggy"
version = "0.13.1"
description = "plugin and hook calling mechanisms for python"
category = "dev"
optional = false
python-versions = ">=2.7, !=3.0.*, !=3.1.*, !=3.2.*, !=3.3.*"

[package.extras]
dev = ["pre-commit", "tox"]

[[package]]
name = "psycopg2-binary"
version = "2.9.2"
description = "psycopg2 - Python-PostgreSQL Database Adapter"
category = "main"
optional = false
python-versions = ">=3.6"

[[package]]
name = "py"
version = "1.11.0"
description = "library with cross-python path, ini-parsing, io, code, log facilities"
category = "dev"
optional = false
python-versions = ">=2.7, !=3.0.*, !=3.1.*, !=3.2.*, !=3.3.*, !=3.4.*"

[[package]]
name = "pycparser"
version = "2.21"
description = "C parser in Python"
category = "main"
optional = false
python-versions = ">=2.7, !=3.0.*, !=3.1.*, !=3.2.*, !=3.3.*"

[[package]]
name = "pycryptodome"
version = "3.12.0"
description = "Cryptographic library for Python"
category = "main"
optional = false
python-versions = ">=2.7, !=3.0.*, !=3.1.*, !=3.2.*, !=3.3.*, !=3.4.*"

[[package]]
name = "pyparsing"
version = "3.0.6"
description = "Python parsing module"
category = "dev"
optional = false
python-versions = ">=3.6"

[package.extras]
diagrams = ["jinja2", "railroad-diagrams"]

[[package]]
name = "pytest"
version = "5.4.3"
description = "pytest: simple powerful testing with Python"
category = "dev"
optional = false
python-versions = ">=3.5"

[package.dependencies]
atomicwrites = {version = ">=1.0", markers = "sys_platform == \"win32\""}
attrs = ">=17.4.0"
colorama = {version = "*", markers = "sys_platform == \"win32\""}
more-itertools = ">=4.0.0"
packaging = "*"
pluggy = ">=0.12,<1.0"
py = ">=1.5.0"
wcwidth = "*"

[package.extras]
checkqa-mypy = ["mypy (==v0.761)"]
testing = ["argcomplete", "hypothesis (>=3.56)", "mock", "nose", "requests", "xmlschema"]

[[package]]
name = "python-dotenv"
version = "0.19.2"
description = "Read key-value pairs from a .env file and set them as environment variables"
category = "main"
optional = false
python-versions = ">=3.5"

[package.extras]
cli = ["click (>=5.0)"]

[[package]]
name = "requests"
version = "2.26.0"
description = "Python HTTP for Humans."
category = "main"
optional = false
python-versions = ">=2.7, !=3.0.*, !=3.1.*, !=3.2.*, !=3.3.*, !=3.4.*, !=3.5.*"

[package.dependencies]
certifi = ">=2017.4.17"
charset-normalizer = {version = ">=2.0.0,<2.1.0", markers = "python_version >= \"3\""}
idna = {version = ">=2.5,<4", markers = "python_version >= \"3\""}
urllib3 = ">=1.21.1,<1.27"

[package.extras]
socks = ["PySocks (>=1.5.6,!=1.5.7)", "win-inet-pton"]
use_chardet_on_py3 = ["chardet (>=3.0.2,<5)"]

[[package]]
name = "requests-mock"
version = "1.8.0"
description = "Mock out responses from the requests package"
category = "main"
optional = false
python-versions = "*"

[package.dependencies]
requests = ">=2.3,<3"
six = "*"

[package.extras]
fixture = ["fixtures"]
test = ["fixtures", "mock", "purl", "pytest", "sphinx", "testrepository (>=0.0.18)", "testtools"]

[[package]]
name = "six"
version = "1.16.0"
description = "Python 2 and 3 compatibility utilities"
category = "main"
optional = false
python-versions = ">=2.7, !=3.0.*, !=3.1.*, !=3.2.*"

[[package]]
name = "toolz"
version = "0.11.2"
description = "List processing tools and functional utilities"
category = "main"
optional = false
python-versions = ">=3.5"

[[package]]
name = "urllib3"
version = "1.26.7"
description = "HTTP library with thread-safe connection pooling, file post, and more."
category = "main"
optional = false
python-versions = ">=2.7, !=3.0.*, !=3.1.*, !=3.2.*, !=3.3.*, !=3.4.*, <4"

[package.extras]
brotli = ["brotlipy (>=0.6.0)"]
secure = ["pyOpenSSL (>=0.14)", "cryptography (>=1.3.4)", "idna (>=2.0.0)", "certifi", "ipaddress"]
socks = ["PySocks (>=1.5.6,!=1.5.7,<2.0)"]

[[package]]
name = "wcwidth"
version = "0.2.5"
description = "Measures the displayed width of unicode strings in a terminal"
category = "dev"
optional = false
python-versions = "*"

[metadata]
lock-version = "1.1"
python-versions = "^3.9"
content-hash = "4d72645d6f516b274f3678a9de7e0fa3b47583b54da4082c9d193028343ec7cd"

[metadata.files]
asn1crypto = [
    {file = "asn1crypto-1.4.0-py2.py3-none-any.whl", hash = "sha256:4bcdf33c861c7d40bdcd74d8e4dd7661aac320fcdf40b9a3f95b4ee12fde2fa8"},
    {file = "asn1crypto-1.4.0.tar.gz", hash = "sha256:f4f6e119474e58e04a2b1af817eb585b4fd72bdd89b998624712b5c99be7641c"},
]
atomicwrites = [
    {file = "atomicwrites-1.4.0-py2.py3-none-any.whl", hash = "sha256:6d1784dea7c0c8d4a5172b6c620f40b6e4cbfdf96d783691f2e1302a7b88e197"},
    {file = "atomicwrites-1.4.0.tar.gz", hash = "sha256:ae70396ad1a434f9c7046fd2dd196fc04b12f9e91ffb859164193be8b6168a7a"},
]
attrs = [
    {file = "attrs-21.2.0-py2.py3-none-any.whl", hash = "sha256:149e90d6d8ac20db7a955ad60cf0e6881a3f20d37096140088356da6c716b0b1"},
    {file = "attrs-21.2.0.tar.gz", hash = "sha256:ef6aaac3ca6cd92904cdd0d83f629a15f18053ec84e6432106f7a4d04ae4f5fb"},
]
certifi = [
    {file = "certifi-2021.10.8-py2.py3-none-any.whl", hash = "sha256:d62a0163eb4c2344ac042ab2bdf75399a71a2d8c7d47eac2e2ee91b9d6339569"},
    {file = "certifi-2021.10.8.tar.gz", hash = "sha256:78884e7c1d4b00ce3cea67b44566851c4343c120abd683433ce934a68ea58872"},
]
cffi = [
    {file = "cffi-1.15.0-cp27-cp27m-macosx_10_9_x86_64.whl", hash = "sha256:c2502a1a03b6312837279c8c1bd3ebedf6c12c4228ddbad40912d671ccc8a962"},
    {file = "cffi-1.15.0-cp27-cp27m-manylinux1_i686.whl", hash = "sha256:23cfe892bd5dd8941608f93348c0737e369e51c100d03718f108bf1add7bd6d0"},
    {file = "cffi-1.15.0-cp27-cp27m-manylinux1_x86_64.whl", hash = "sha256:41d45de54cd277a7878919867c0f08b0cf817605e4eb94093e7516505d3c8d14"},
    {file = "cffi-1.15.0-cp27-cp27m-win32.whl", hash = "sha256:4a306fa632e8f0928956a41fa8e1d6243c71e7eb59ffbd165fc0b41e316b2474"},
    {file = "cffi-1.15.0-cp27-cp27m-win_amd64.whl", hash = "sha256:e7022a66d9b55e93e1a845d8c9eba2a1bebd4966cd8bfc25d9cd07d515b33fa6"},
    {file = "cffi-1.15.0-cp27-cp27mu-manylinux1_i686.whl", hash = "sha256:14cd121ea63ecdae71efa69c15c5543a4b5fbcd0bbe2aad864baca0063cecf27"},
    {file = "cffi-1.15.0-cp27-cp27mu-manylinux1_x86_64.whl", hash = "sha256:d4d692a89c5cf08a8557fdeb329b82e7bf609aadfaed6c0d79f5a449a3c7c023"},
    {file = "cffi-1.15.0-cp310-cp310-macosx_10_9_x86_64.whl", hash = "sha256:0104fb5ae2391d46a4cb082abdd5c69ea4eab79d8d44eaaf79f1b1fd806ee4c2"},
    {file = "cffi-1.15.0-cp310-cp310-macosx_11_0_arm64.whl", hash = "sha256:91ec59c33514b7c7559a6acda53bbfe1b283949c34fe7440bcf917f96ac0723e"},
    {file = "cffi-1.15.0-cp310-cp310-manylinux_2_12_i686.manylinux2010_i686.whl", hash = "sha256:f5c7150ad32ba43a07c4479f40241756145a1f03b43480e058cfd862bf5041c7"},
    {file = "cffi-1.15.0-cp310-cp310-manylinux_2_12_x86_64.manylinux2010_x86_64.whl", hash = "sha256:00c878c90cb53ccfaae6b8bc18ad05d2036553e6d9d1d9dbcf323bbe83854ca3"},
    {file = "cffi-1.15.0-cp310-cp310-manylinux_2_17_aarch64.manylinux2014_aarch64.whl", hash = "sha256:abb9a20a72ac4e0fdb50dae135ba5e77880518e742077ced47eb1499e29a443c"},
    {file = "cffi-1.15.0-cp310-cp310-manylinux_2_17_ppc64le.manylinux2014_ppc64le.whl", hash = "sha256:a5263e363c27b653a90078143adb3d076c1a748ec9ecc78ea2fb916f9b861962"},
    {file = "cffi-1.15.0-cp310-cp310-manylinux_2_17_s390x.manylinux2014_s390x.whl", hash = "sha256:f54a64f8b0c8ff0b64d18aa76675262e1700f3995182267998c31ae974fbc382"},
    {file = "cffi-1.15.0-cp310-cp310-win32.whl", hash = "sha256:c21c9e3896c23007803a875460fb786118f0cdd4434359577ea25eb556e34c55"},
    {file = "cffi-1.15.0-cp310-cp310-win_amd64.whl", hash = "sha256:5e069f72d497312b24fcc02073d70cb989045d1c91cbd53979366077959933e0"},
    {file = "cffi-1.15.0-cp36-cp36m-macosx_10_9_x86_64.whl", hash = "sha256:64d4ec9f448dfe041705426000cc13e34e6e5bb13736e9fd62e34a0b0c41566e"},
    {file = "cffi-1.15.0-cp36-cp36m-manylinux_2_17_aarch64.manylinux2014_aarch64.whl", hash = "sha256:2756c88cbb94231c7a147402476be2c4df2f6078099a6f4a480d239a8817ae39"},
    {file = "cffi-1.15.0-cp36-cp36m-manylinux_2_17_ppc64le.manylinux2014_ppc64le.whl", hash = "sha256:3b96a311ac60a3f6be21d2572e46ce67f09abcf4d09344c49274eb9e0bf345fc"},
    {file = "cffi-1.15.0-cp36-cp36m-manylinux_2_17_s390x.manylinux2014_s390x.whl", hash = "sha256:75e4024375654472cc27e91cbe9eaa08567f7fbdf822638be2814ce059f58032"},
    {file = "cffi-1.15.0-cp36-cp36m-manylinux_2_5_i686.manylinux1_i686.whl", hash = "sha256:59888172256cac5629e60e72e86598027aca6bf01fa2465bdb676d37636573e8"},
    {file = "cffi-1.15.0-cp36-cp36m-manylinux_2_5_x86_64.manylinux1_x86_64.whl", hash = "sha256:27c219baf94952ae9d50ec19651a687b826792055353d07648a5695413e0c605"},
    {file = "cffi-1.15.0-cp36-cp36m-win32.whl", hash = "sha256:4958391dbd6249d7ad855b9ca88fae690783a6be9e86df65865058ed81fc860e"},
    {file = "cffi-1.15.0-cp36-cp36m-win_amd64.whl", hash = "sha256:f6f824dc3bce0edab5f427efcfb1d63ee75b6fcb7282900ccaf925be84efb0fc"},
    {file = "cffi-1.15.0-cp37-cp37m-macosx_10_9_x86_64.whl", hash = "sha256:06c48159c1abed75c2e721b1715c379fa3200c7784271b3c46df01383b593636"},
    {file = "cffi-1.15.0-cp37-cp37m-manylinux_2_12_i686.manylinux2010_i686.whl", hash = "sha256:c2051981a968d7de9dd2d7b87bcb9c939c74a34626a6e2f8181455dd49ed69e4"},
    {file = "cffi-1.15.0-cp37-cp37m-manylinux_2_12_x86_64.manylinux2010_x86_64.whl", hash = "sha256:fd8a250edc26254fe5b33be00402e6d287f562b6a5b2152dec302fa15bb3e997"},
    {file = "cffi-1.15.0-cp37-cp37m-manylinux_2_17_aarch64.manylinux2014_aarch64.whl", hash = "sha256:91d77d2a782be4274da750752bb1650a97bfd8f291022b379bb8e01c66b4e96b"},
    {file = "cffi-1.15.0-cp37-cp37m-manylinux_2_17_ppc64le.manylinux2014_ppc64le.whl", hash = "sha256:45db3a33139e9c8f7c09234b5784a5e33d31fd6907800b316decad50af323ff2"},
    {file = "cffi-1.15.0-cp37-cp37m-manylinux_2_17_s390x.manylinux2014_s390x.whl", hash = "sha256:263cc3d821c4ab2213cbe8cd8b355a7f72a8324577dc865ef98487c1aeee2bc7"},
    {file = "cffi-1.15.0-cp37-cp37m-win32.whl", hash = "sha256:17771976e82e9f94976180f76468546834d22a7cc404b17c22df2a2c81db0c66"},
    {file = "cffi-1.15.0-cp37-cp37m-win_amd64.whl", hash = "sha256:3415c89f9204ee60cd09b235810be700e993e343a408693e80ce7f6a40108029"},
    {file = "cffi-1.15.0-cp38-cp38-macosx_10_9_x86_64.whl", hash = "sha256:4238e6dab5d6a8ba812de994bbb0a79bddbdf80994e4ce802b6f6f3142fcc880"},
    {file = "cffi-1.15.0-cp38-cp38-manylinux_2_12_i686.manylinux2010_i686.whl", hash = "sha256:0808014eb713677ec1292301ea4c81ad277b6cdf2fdd90fd540af98c0b101d20"},
    {file = "cffi-1.15.0-cp38-cp38-manylinux_2_12_x86_64.manylinux2010_x86_64.whl", hash = "sha256:57e9ac9ccc3101fac9d6014fba037473e4358ef4e89f8e181f8951a2c0162024"},
    {file = "cffi-1.15.0-cp38-cp38-manylinux_2_17_aarch64.manylinux2014_aarch64.whl", hash = "sha256:8b6c2ea03845c9f501ed1313e78de148cd3f6cad741a75d43a29b43da27f2e1e"},
    {file = "cffi-1.15.0-cp38-cp38-manylinux_2_17_ppc64le.manylinux2014_ppc64le.whl", hash = "sha256:10dffb601ccfb65262a27233ac273d552ddc4d8ae1bf93b21c94b8511bffe728"},
    {file = "cffi-1.15.0-cp38-cp38-manylinux_2_17_s390x.manylinux2014_s390x.whl", hash = "sha256:786902fb9ba7433aae840e0ed609f45c7bcd4e225ebb9c753aa39725bb3e6ad6"},
    {file = "cffi-1.15.0-cp38-cp38-win32.whl", hash = "sha256:da5db4e883f1ce37f55c667e5c0de439df76ac4cb55964655906306918e7363c"},
    {file = "cffi-1.15.0-cp38-cp38-win_amd64.whl", hash = "sha256:181dee03b1170ff1969489acf1c26533710231c58f95534e3edac87fff06c443"},
    {file = "cffi-1.15.0-cp39-cp39-macosx_10_9_x86_64.whl", hash = "sha256:45e8636704eacc432a206ac7345a5d3d2c62d95a507ec70d62f23cd91770482a"},
    {file = "cffi-1.15.0-cp39-cp39-macosx_11_0_arm64.whl", hash = "sha256:31fb708d9d7c3f49a60f04cf5b119aeefe5644daba1cd2a0fe389b674fd1de37"},
    {file = "cffi-1.15.0-cp39-cp39-manylinux_2_12_i686.manylinux2010_i686.whl", hash = "sha256:6dc2737a3674b3e344847c8686cf29e500584ccad76204efea14f451d4cc669a"},
    {file = "cffi-1.15.0-cp39-cp39-manylinux_2_12_x86_64.manylinux2010_x86_64.whl", hash = "sha256:74fdfdbfdc48d3f47148976f49fab3251e550a8720bebc99bf1483f5bfb5db3e"},
    {file = "cffi-1.15.0-cp39-cp39-manylinux_2_17_aarch64.manylinux2014_aarch64.whl", hash = "sha256:ffaa5c925128e29efbde7301d8ecaf35c8c60ffbcd6a1ffd3a552177c8e5e796"},
    {file = "cffi-1.15.0-cp39-cp39-manylinux_2_17_ppc64le.manylinux2014_ppc64le.whl", hash = "sha256:3f7d084648d77af029acb79a0ff49a0ad7e9d09057a9bf46596dac9514dc07df"},
    {file = "cffi-1.15.0-cp39-cp39-manylinux_2_17_s390x.manylinux2014_s390x.whl", hash = "sha256:ef1f279350da2c586a69d32fc8733092fd32cc8ac95139a00377841f59a3f8d8"},
    {file = "cffi-1.15.0-cp39-cp39-win32.whl", hash = "sha256:2a23af14f408d53d5e6cd4e3d9a24ff9e05906ad574822a10563efcef137979a"},
    {file = "cffi-1.15.0-cp39-cp39-win_amd64.whl", hash = "sha256:3773c4d81e6e818df2efbc7dd77325ca0dcb688116050fb2b3011218eda36139"},
    {file = "cffi-1.15.0.tar.gz", hash = "sha256:920f0d66a896c2d99f0adbb391f990a84091179542c205fa53ce5787aff87954"},
]
charset-normalizer = [
    {file = "charset-normalizer-2.0.9.tar.gz", hash = "sha256:b0b883e8e874edfdece9c28f314e3dd5badf067342e42fb162203335ae61aa2c"},
    {file = "charset_normalizer-2.0.9-py3-none-any.whl", hash = "sha256:1eecaa09422db5be9e29d7fc65664e6c33bd06f9ced7838578ba40d58bdf3721"},
]
coincurve = [
    {file = "coincurve-13.0.0-cp27-cp27m-macosx_10_9_x86_64.whl", hash = "sha256:75a6a7c6116d7f10992e06c0aeeaddcaee55a537ceef17961180ba8dd33e4a03"},
    {file = "coincurve-13.0.0-cp27-cp27m-manylinux1_i686.whl", hash = "sha256:a01b2769c1045a8ba60bef61ef15c3b6276dcb75b850cfc0bfab92a2856deb3c"},
    {file = "coincurve-13.0.0-cp27-cp27m-manylinux1_x86_64.whl", hash = "sha256:0da923e7eba89d65ff37d18be4935d710f21032f645e59f0b0749f40c19807d9"},
    {file = "coincurve-13.0.0-cp27-cp27m-manylinux2010_x86_64.whl", hash = "sha256:b44eb772f696455ffc60e37c1b7de8ba4db9a388ddadfb960e6caf0f0da6b511"},
    {file = "coincurve-13.0.0-cp27-cp27mu-manylinux1_i686.whl", hash = "sha256:f0b5cce8e677c493475cbe4356e4500e287d5f484918483f402bbd4305659af2"},
    {file = "coincurve-13.0.0-cp27-cp27mu-manylinux1_x86_64.whl", hash = "sha256:e6e35e3cbb6872f51c3b869a4fa27f36dc760db268818084a879c47e5a5b69e4"},
    {file = "coincurve-13.0.0-cp27-cp27mu-manylinux2010_x86_64.whl", hash = "sha256:800b649bfc8e12a49927c98f02bfcc543af80f06bd25c4e5df41531ed142c681"},
    {file = "coincurve-13.0.0-cp35-cp35m-macosx_10_13_x86_64.whl", hash = "sha256:6eaf8ef5d91f6ebc2df35b7fce958b33fbee581f0e0becedfcbb8947da1764e8"},
    {file = "coincurve-13.0.0-cp35-cp35m-manylinux1_i686.whl", hash = "sha256:b7f901083695dee84ab7b1a34c90d00fb18b71db74d25fae5be10455016049a7"},
    {file = "coincurve-13.0.0-cp35-cp35m-manylinux1_x86_64.whl", hash = "sha256:c26546176bdc1a77321d38a0178544f5f12f41c8b47e227581adebd61f30dea5"},
    {file = "coincurve-13.0.0-cp35-cp35m-manylinux2010_x86_64.whl", hash = "sha256:9af82dd36721245416c32256c0a3504dc13ee07de29b09ebb9724c2684b2cfb6"},
    {file = "coincurve-13.0.0-cp36-cp36m-macosx_10_9_x86_64.whl", hash = "sha256:1f6d74500eb5ba1bf3a8e2ac3c7bcc96d7076082a3b5500fa63f4b8fad170b75"},
    {file = "coincurve-13.0.0-cp36-cp36m-manylinux1_i686.whl", hash = "sha256:fa4b6e311d45995012d194569a02281448d700681d72857433e05821a75d310d"},
    {file = "coincurve-13.0.0-cp36-cp36m-manylinux1_x86_64.whl", hash = "sha256:96c023d330120a62234638b563f83d3064bfeb2d8a20ccbcf00ab4d851424458"},
    {file = "coincurve-13.0.0-cp36-cp36m-manylinux2010_x86_64.whl", hash = "sha256:2d540d79adfca1c5be0122362b87ad7308b77a517da9dc51e523b7fbe8ac405a"},
    {file = "coincurve-13.0.0-cp37-cp37m-macosx_10_9_x86_64.whl", hash = "sha256:f136c98b4a2df3829e1f2f2e6a28f7ff9d5676c5c3614c6d3e511f07e024c093"},
    {file = "coincurve-13.0.0-cp37-cp37m-manylinux1_i686.whl", hash = "sha256:546fc4765e38aa36a723e8ebca03408145c4837d470bd3704e295902ee4e4224"},
    {file = "coincurve-13.0.0-cp37-cp37m-manylinux1_x86_64.whl", hash = "sha256:a769882d0e2bf5f21d54992794d78325021eabcc6bfc3d373aa1ad7760a0f7fe"},
    {file = "coincurve-13.0.0-cp37-cp37m-manylinux2010_x86_64.whl", hash = "sha256:e3ebedd738135b0661821c9d69369ee009adb87b21a32599fff7f78589d5e58d"},
    {file = "coincurve-13.0.0-cp38-cp38-macosx_10_9_x86_64.whl", hash = "sha256:9e25ab16935d348be05bdf8fab648475e568a1b5754f518979c8e2cd08c4a71d"},
    {file = "coincurve-13.0.0-cp38-cp38-manylinux1_i686.whl", hash = "sha256:bec315f32b09bb14b3261a50c0decf4d3f51dcf5de9d6cfeaf463c37656f0087"},
    {file = "coincurve-13.0.0-cp38-cp38-manylinux1_x86_64.whl", hash = "sha256:1be6b876bfbdfdd8c4e94708c9cd024cb06c8461cabbcd9b96659743a23dfbd6"},
    {file = "coincurve-13.0.0-cp38-cp38-manylinux2010_x86_64.whl", hash = "sha256:4c1d9241a31c0fe6d50ce561294f63955ec0fb3afbf1579da8b3742612a6e9dc"},
    {file = "coincurve-13.0.0-pp371-pypy3_71-manylinux2010_x86_64.whl", hash = "sha256:4595c6bfb5be36a7365c638f535b10afffe7bea70eff3b57e8c3cb5e7eaf5325"},
    {file = "coincurve-13.0.0-py2.py3-none-win32.whl", hash = "sha256:8474d1576d06d9d0c210bd64e3e245e43a8ff6e18c90e343567c5954b088726e"},
    {file = "coincurve-13.0.0-py2.py3-none-win_amd64.whl", hash = "sha256:1e3b9068df66df8669b4e58e03c5e95f382e582cf31a743c9aae9963272482bc"},
    {file = "coincurve-13.0.0.tar.gz", hash = "sha256:9985627dc0c81fe98c3d2e97412801e9726d6110249317a2775cf365f0ba0df5"},
]
colorama = [
    {file = "colorama-0.4.4-py2.py3-none-any.whl", hash = "sha256:9f47eda37229f68eee03b24b9748937c7dc3868f906e8ba69fbcbdd3bc5dc3e2"},
    {file = "colorama-0.4.4.tar.gz", hash = "sha256:5941b2b48a20143d2267e95b1c2a7603ce057ee39fd88e7329b0c292aa16869b"},
]
cytoolz = [
    {file = "cytoolz-0.11.2.tar.gz", hash = "sha256:ea23663153806edddce7e4153d1d407d62357c05120a4e8485bddf1bd5ab22b4"},
]
discord-webhook = [
    {file = "discord-webhook-0.14.0.tar.gz", hash = "sha256:f3d660df572caaa9c2621edd7e8634a70d6d8295ce9256c365838312457069a1"},
    {file = "discord_webhook-0.14.0-py3-none-any.whl", hash = "sha256:17e475d8a52fe0bfa26b071925f55087600e9bb96e821b611dc463f4b4998c89"},
]
eth-hash = [
    {file = "eth-hash-0.3.2.tar.gz", hash = "sha256:3f40cecd5ead88184aa9550afc19d057f103728108c5102f592f8415949b5a76"},
    {file = "eth_hash-0.3.2-py3-none-any.whl", hash = "sha256:de7385148a8e0237ba1240cddbc06d53f56731140f8593bdb8429306f6b42271"},
]
eth-keyfile = [
    {file = "eth-keyfile-0.5.1.tar.gz", hash = "sha256:939540efb503380bc30d926833e6a12b22c6750de80feef3720d79e5a79de47d"},
    {file = "eth_keyfile-0.5.1-py3-none-any.whl", hash = "sha256:70d734af17efdf929a90bb95375f43522be4ed80c3b9e0a8bca575fb11cd1159"},
]
eth-keys = [
    {file = "eth-keys-0.3.3.tar.gz", hash = "sha256:a9a1e83e443bd369265b1a1b66dc30f6841bdbb3577ecd042e037b7b405b6cb0"},
    {file = "eth_keys-0.3.3-py3-none-any.whl", hash = "sha256:412dd5c9732b8e92af40c9c77597f4661c57eba3897aaa55e527af56a8c5ab47"},
]
eth-typing = [
    {file = "eth-typing-2.2.2.tar.gz", hash = "sha256:97ba0f83da7cf1d3668f6ed54983f21168076c552762bf5e06d4a20921877f3f"},
    {file = "eth_typing-2.2.2-py3-none-any.whl", hash = "sha256:1140c7592321dbf10d6663c46f7e43eb0e6410b011b03f14b3df3eb1f76aa9bb"},
]
eth-utils = [
    {file = "eth-utils-1.10.0.tar.gz", hash = "sha256:bf82762a46978714190b0370265a7148c954d3f0adaa31c6f085ea375e4c61af"},
    {file = "eth_utils-1.10.0-py3-none-any.whl", hash = "sha256:74240a8c6f652d085ed3c85f5f1654203d2f10ff9062f83b3bad0a12ff321c7a"},
]
iconsdk = [
    {file = "iconsdk-1.3.6-py3-none-any.whl", hash = "sha256:37135cf3cef30e8ca272b098cf320973ec98d8009f81080b7f77bb5063c3bae1"},
    {file = "iconsdk-1.3.6.tar.gz", hash = "sha256:4b4926e570bd99b8fbac18b5f05713aa9766ff2a50166d11b7d4a17bf8b43311"},
]
idna = [
    {file = "idna-3.3-py3-none-any.whl", hash = "sha256:84d9dd047ffa80596e0f246e2eab0b391788b0503584e8945f2368256d2735ff"},
    {file = "idna-3.3.tar.gz", hash = "sha256:9d643ff0a55b762d5cdb124b8eaa99c66322e2157b69160bc32796e824360e6d"},
]
more-itertools = [
    {file = "more-itertools-8.12.0.tar.gz", hash = "sha256:7dc6ad46f05f545f900dd59e8dfb4e84a4827b97b3cfecb175ea0c7d247f6064"},
    {file = "more_itertools-8.12.0-py3-none-any.whl", hash = "sha256:43e6dd9942dffd72661a2c4ef383ad7da1e6a3e968a927ad7a6083ab410a688b"},
]
multipledispatch = [
    {file = "multipledispatch-0.6.0-py2-none-any.whl", hash = "sha256:407e6d8c5fa27075968ba07c4db3ef5f02bea4e871e959570eeb69ee39a6565b"},
    {file = "multipledispatch-0.6.0-py3-none-any.whl", hash = "sha256:a55c512128fb3f7c2efd2533f2550accb93c35f1045242ef74645fc92a2c3cba"},
    {file = "multipledispatch-0.6.0.tar.gz", hash = "sha256:a7ab1451fd0bf9b92cab3edbd7b205622fb767aeefb4fb536c2e3de9e0a38bea"},
]
packaging = [
    {file = "packaging-21.3-py3-none-any.whl", hash = "sha256:ef103e05f519cdc783ae24ea4e2e0f508a9c99b2d4969652eed6a2e1ea5bd522"},
    {file = "packaging-21.3.tar.gz", hash = "sha256:dd47c42927d89ab911e606518907cc2d3a1f38bbd026385970643f9c5b8ecfeb"},
]
pluggy = [
    {file = "pluggy-0.13.1-py2.py3-none-any.whl", hash = "sha256:966c145cd83c96502c3c3868f50408687b38434af77734af1e9ca461a4081d2d"},
    {file = "pluggy-0.13.1.tar.gz", hash = "sha256:15b2acde666561e1298d71b523007ed7364de07029219b604cf808bfa1c765b0"},
]
psycopg2-binary = [
    {file = "psycopg2-binary-2.9.2.tar.gz", hash = "sha256:234b1f48488b2f86aac04fb00cb04e5e9bcb960f34fa8a8e41b73149d581a93b"},
    {file = "psycopg2_binary-2.9.2-cp310-cp310-macosx_10_14_x86_64.macosx_10_9_intel.macosx_10_9_x86_64.macosx_10_10_intel.macosx_10_10_x86_64.whl", hash = "sha256:c0e1fb7097ded2cc44d9037cfc68ad86a30341261492e7de95d180e534969fb2"},
    {file = "psycopg2_binary-2.9.2-cp310-cp310-manylinux_2_17_i686.manylinux2014_i686.whl", hash = "sha256:717525cdc97b23182ff6f470fb5bf6f0bc796b5a7000c6f6699d6679991e4a5e"},
    {file = "psycopg2_binary-2.9.2-cp310-cp310-manylinux_2_17_x86_64.manylinux2014_x86_64.whl", hash = "sha256:3865d0cd919349c45603bd7e80249a382c5ecf8106304cfd153282adf9684b6a"},
    {file = "psycopg2_binary-2.9.2-cp310-cp310-manylinux_2_24_aarch64.whl", hash = "sha256:daf6b5c62eb738872d61a1fa740d7768904911ba5a7e055ed72169d379b58beb"},
    {file = "psycopg2_binary-2.9.2-cp310-cp310-manylinux_2_24_ppc64le.whl", hash = "sha256:3ac83656ff4fbe7f2a956ab085e3eb1d678df54759965d509bdd6a06ce520d49"},
    {file = "psycopg2_binary-2.9.2-cp310-cp310-win32.whl", hash = "sha256:a04cfa231e7d9b63639e62166a4051cb47ca599fa341463fa3e1c48585fcee64"},
    {file = "psycopg2_binary-2.9.2-cp310-cp310-win_amd64.whl", hash = "sha256:c6e16e085fe6dc6c099ee0be56657aa9ad71027465ef9591d302ba230c404c7e"},
    {file = "psycopg2_binary-2.9.2-cp36-cp36m-macosx_10_14_x86_64.macosx_10_9_intel.macosx_10_9_x86_64.macosx_10_10_intel.macosx_10_10_x86_64.whl", hash = "sha256:53912199abb626a7249c662e72b70b4f57bf37f840599cec68625171435790dd"},
    {file = "psycopg2_binary-2.9.2-cp36-cp36m-manylinux_2_17_i686.manylinux2014_i686.whl", hash = "sha256:029e09a892b9ebc3c77851f69ce0720e1b72a9c6850460cee49b14dfbf9ccdd2"},
    {file = "psycopg2_binary-2.9.2-cp36-cp36m-manylinux_2_17_x86_64.manylinux2014_x86_64.whl", hash = "sha256:db1b03c189f85b8df29030ad32d521dd7dcb862fd5f8892035314f5b886e70ce"},
    {file = "psycopg2_binary-2.9.2-cp36-cp36m-manylinux_2_24_aarch64.whl", hash = "sha256:2eecbdc5fa5886f2dd6cc673ce4291cc0fb8900965315268960ad9c2477f8276"},
    {file = "psycopg2_binary-2.9.2-cp36-cp36m-manylinux_2_24_ppc64le.whl", hash = "sha256:a77e98c68b0e6c51d4d6a994d22b30e77276cbd33e4aabdde03b9ad3a2c148aa"},
    {file = "psycopg2_binary-2.9.2-cp36-cp36m-win32.whl", hash = "sha256:bf31e6fdb4ec1f6d98a07f48836508ed6edd19b48b13bbf168fbc1bd014b4ca2"},
    {file = "psycopg2_binary-2.9.2-cp36-cp36m-win_amd64.whl", hash = "sha256:f9c37ecb173d76cf49e519133fd70851b8f9c38b6b8c1cb7fcfc71368d4cc6fc"},
    {file = "psycopg2_binary-2.9.2-cp37-cp37m-macosx_10_14_x86_64.macosx_10_9_intel.macosx_10_9_x86_64.macosx_10_10_intel.macosx_10_10_x86_64.whl", hash = "sha256:a507db7758953b1b170c4310691a1a89877029b1e11b08ba5fc8ae3ddb35596b"},
    {file = "psycopg2_binary-2.9.2-cp37-cp37m-manylinux_2_17_i686.manylinux2014_i686.whl", hash = "sha256:2e4bbcfb403221ea1953f3e0a85cef00ed15c1683a66cf35c956a7e37c33a4c4"},
    {file = "psycopg2_binary-2.9.2-cp37-cp37m-manylinux_2_17_x86_64.manylinux2014_x86_64.whl", hash = "sha256:f4dff0f15af6936c6fe6da7067b4216edbbe076ad8625da819cc066591b1133c"},
    {file = "psycopg2_binary-2.9.2-cp37-cp37m-manylinux_2_24_aarch64.whl", hash = "sha256:8d2aafe46eb87742425ece38130510fbb035787ee89a329af299029c4d9ae318"},
    {file = "psycopg2_binary-2.9.2-cp37-cp37m-manylinux_2_24_ppc64le.whl", hash = "sha256:37c8f00f7a2860bac9f7a54f03c243fc1dd9b367e5b2b52f5a02e5f4e9d8c49b"},
    {file = "psycopg2_binary-2.9.2-cp37-cp37m-win32.whl", hash = "sha256:ef97578fab5115e3af4334dd3376dea3c3a79328a3314b21ec7ced02920b916d"},
    {file = "psycopg2_binary-2.9.2-cp37-cp37m-win_amd64.whl", hash = "sha256:7e6bd4f532c2cd297b81114526176b240109a1c52020adca69c3f3226c65dc18"},
    {file = "psycopg2_binary-2.9.2-cp38-cp38-macosx_10_14_x86_64.macosx_10_9_intel.macosx_10_9_x86_64.macosx_10_10_intel.macosx_10_10_x86_64.whl", hash = "sha256:eeee7b18c51d02e49bf1984d7af26e8843fe68e31fa1cbab5366ebdfa1c89ade"},
    {file = "psycopg2_binary-2.9.2-cp38-cp38-manylinux_2_17_i686.manylinux2014_i686.whl", hash = "sha256:497372cc76e6cbce2f51b37be141f360a321423c03eb9be45524b1d123f4cd11"},
    {file = "psycopg2_binary-2.9.2-cp38-cp38-manylinux_2_17_x86_64.manylinux2014_x86_64.whl", hash = "sha256:5671699aff57d22a245b7f4bba89e3de97dc841c5e98bd7f685429b2b20eca47"},
    {file = "psycopg2_binary-2.9.2-cp38-cp38-manylinux_2_24_aarch64.whl", hash = "sha256:b9d45374ba98c1184df9cce93a0b766097544f8bdfcd5de83ff10f939c193125"},
    {file = "psycopg2_binary-2.9.2-cp38-cp38-manylinux_2_24_ppc64le.whl", hash = "sha256:a1852c5bef7e5f52bd43fde5eda610d4df0fb2efc31028150933e84b4140d47a"},
    {file = "psycopg2_binary-2.9.2-cp38-cp38-win32.whl", hash = "sha256:108b0380969ddab7c8ef2a813a57f87b308b2f88ec15f1a1e7b653964a3cfb25"},
    {file = "psycopg2_binary-2.9.2-cp38-cp38-win_amd64.whl", hash = "sha256:14427437117f38e65f71db65d8eafd0e86837be456567798712b8da89db2b2dd"},
    {file = "psycopg2_binary-2.9.2-cp39-cp39-macosx_10_14_x86_64.macosx_10_9_intel.macosx_10_9_x86_64.macosx_10_10_intel.macosx_10_10_x86_64.whl", hash = "sha256:578c279cd1ce04f05ae0912530ece00bab92854911808e5aec27588aba87e361"},
    {file = "psycopg2_binary-2.9.2-cp39-cp39-manylinux_2_17_i686.manylinux2014_i686.whl", hash = "sha256:4c2dea4deac3dd3687e32daeb0712ee96c535970dfdded37a11de6a21145ab0e"},
    {file = "psycopg2_binary-2.9.2-cp39-cp39-manylinux_2_17_x86_64.manylinux2014_x86_64.whl", hash = "sha256:b592f09ff18cfcc9037b9a976fcd62db48cae9dbd5385f2471d4c2ba40c52b4d"},
    {file = "psycopg2_binary-2.9.2-cp39-cp39-manylinux_2_24_aarch64.whl", hash = "sha256:3a320e7a804f3886a599fea507364aaafbb8387027fffcdfbd34d96316c806c7"},
    {file = "psycopg2_binary-2.9.2-cp39-cp39-manylinux_2_24_ppc64le.whl", hash = "sha256:7585ca73dcfe326f31fafa8f96e6bb98ea9e9e46c7a1924ec8101d797914ae27"},
    {file = "psycopg2_binary-2.9.2-cp39-cp39-win32.whl", hash = "sha256:9c0aaad07941419926b9bd00171e49fe6b06e42e5527fb91671e137fe6c93d77"},
    {file = "psycopg2_binary-2.9.2-cp39-cp39-win_amd64.whl", hash = "sha256:aa2847d8073951dbc84c4f8b32c620764db3c2eb0d99a04835fecfab7d04816e"},
]
py = [
    {file = "py-1.11.0-py2.py3-none-any.whl", hash = "sha256:607c53218732647dff4acdfcd50cb62615cedf612e72d1724fb1a0cc6405b378"},
    {file = "py-1.11.0.tar.gz", hash = "sha256:51c75c4126074b472f746a24399ad32f6053d1b34b68d2fa41e558e6f4a98719"},
]
pycparser = [
    {file = "pycparser-2.21-py2.py3-none-any.whl", hash = "sha256:8ee45429555515e1f6b185e78100aea234072576aa43ab53aefcae078162fca9"},
    {file = "pycparser-2.21.tar.gz", hash = "sha256:e644fdec12f7872f86c58ff790da456218b10f863970249516d60a5eaca77206"},
]
pycryptodome = [
    {file = "pycryptodome-3.12.0-cp27-cp27m-macosx_10_9_x86_64.whl", hash = "sha256:90ad3381ccdc6a24cc2841e295706a168f32abefe64c679695712acac71fd5da"},
    {file = "pycryptodome-3.12.0-cp27-cp27m-manylinux1_i686.whl", hash = "sha256:e80f7469b0b3ea0f694230477d8501dc5a30a717e94fddd4821e6721f3053eae"},
    {file = "pycryptodome-3.12.0-cp27-cp27m-manylinux1_x86_64.whl", hash = "sha256:b91404611767a7485837a6f1fd20cf9a5ae0ad362040a022cd65827ecb1b0d00"},
    {file = "pycryptodome-3.12.0-cp27-cp27m-manylinux2010_i686.whl", hash = "sha256:db66ccda65d5d20c17b00768e462a86f6f540f9aea8419a7f76cc7d9effd82cd"},
    {file = "pycryptodome-3.12.0-cp27-cp27m-manylinux2010_x86_64.whl", hash = "sha256:dc88355c4b261ed259268e65705b28b44d99570337694d593f06e3b1698eaaf3"},
    {file = "pycryptodome-3.12.0-cp27-cp27m-manylinux2014_aarch64.whl", hash = "sha256:6f8f5b7b53516da7511951910ab458e799173722c91fea54e2ba2f56d102e4aa"},
    {file = "pycryptodome-3.12.0-cp27-cp27m-win32.whl", hash = "sha256:93acad54a72d81253242eb0a15064be559ec9d989e5173286dc21cad19f01765"},
    {file = "pycryptodome-3.12.0-cp27-cp27m-win_amd64.whl", hash = "sha256:5a8c24d39d4a237dbfe181ea6593792bf9b5582c7fcfa7b8e0e12fda5eec07af"},
    {file = "pycryptodome-3.12.0-cp27-cp27mu-manylinux1_i686.whl", hash = "sha256:32d15da81959faea6cbed95df2bb44f7f796211c110cf90b5ad3b2aeeb97fc8e"},
    {file = "pycryptodome-3.12.0-cp27-cp27mu-manylinux1_x86_64.whl", hash = "sha256:aed7eb4b64c600fbc5e6d4238991ad1b4179a558401f203d1fcbd24883748982"},
    {file = "pycryptodome-3.12.0-cp27-cp27mu-manylinux2010_i686.whl", hash = "sha256:341c6bbf932c406b4f3ee2372e8589b67ac0cf4e99e7dc081440f43a3cde9f0f"},
    {file = "pycryptodome-3.12.0-cp27-cp27mu-manylinux2010_x86_64.whl", hash = "sha256:de0b711d673904dd6c65307ead36cb76622365a393569bf880895cba21195b7a"},
    {file = "pycryptodome-3.12.0-cp27-cp27mu-manylinux2014_aarch64.whl", hash = "sha256:3558616f45d8584aee3eba27559bc6fd0ba9be6c076610ed3cc62bd5229ffdc3"},
    {file = "pycryptodome-3.12.0-cp35-abi3-macosx_10_9_x86_64.whl", hash = "sha256:a78e4324e566b5fbc2b51e9240950d82fa9e1c7eb77acdf27f58712f65622c1d"},
    {file = "pycryptodome-3.12.0-cp35-abi3-manylinux1_i686.whl", hash = "sha256:3f2f3dd596c6128d91314e60a6bcf4344610ef0e97f4ae4dd1770f86dd0748d8"},
    {file = "pycryptodome-3.12.0-cp35-abi3-manylinux1_x86_64.whl", hash = "sha256:e05f994f30f1cda3cbe57441f41220d16731cf99d868bb02a8f6484c454c206b"},
    {file = "pycryptodome-3.12.0-cp35-abi3-manylinux2010_i686.whl", hash = "sha256:4cded12e13785bbdf4ba1ff5fb9d261cd98162145f869e4fbc4a4b9083392f0b"},
    {file = "pycryptodome-3.12.0-cp35-abi3-manylinux2010_x86_64.whl", hash = "sha256:1181c90d1a6aee68a84826825548d0db1b58d8541101f908d779d601d1690586"},
    {file = "pycryptodome-3.12.0-cp35-abi3-manylinux2014_aarch64.whl", hash = "sha256:6bb0d340c93bcb674ea8899e2f6408ec64c6c21731a59481332b4b2a8143cc60"},
    {file = "pycryptodome-3.12.0-cp35-abi3-win32.whl", hash = "sha256:39da5807aa1ff820799c928f745f89432908bf6624b9e981d2d7f9e55d91b860"},
    {file = "pycryptodome-3.12.0-cp35-abi3-win_amd64.whl", hash = "sha256:212c7f7fe11cad9275fbcff50ca977f1c6643f13560d081e7b0f70596df447b8"},
    {file = "pycryptodome-3.12.0-pp27-pypy_73-macosx_10_9_x86_64.whl", hash = "sha256:b07a4238465eb8c65dd5df2ab8ba6df127e412293c0ed7656c003336f557a100"},
    {file = "pycryptodome-3.12.0-pp27-pypy_73-manylinux1_x86_64.whl", hash = "sha256:a6e1bcd9d5855f1a3c0f8d585f44c81b08f39a02754007f374fb8db9605ba29c"},
    {file = "pycryptodome-3.12.0-pp27-pypy_73-manylinux2010_x86_64.whl", hash = "sha256:aceb1d217c3a025fb963849071446cf3aca1353282fe1c3cb7bd7339a4d47947"},
    {file = "pycryptodome-3.12.0-pp27-pypy_73-win32.whl", hash = "sha256:f699360ae285fcae9c8f53ca6acf33796025a82bb0ccd7c1c551b04c1726def3"},
    {file = "pycryptodome-3.12.0-pp36-pypy36_pp73-macosx_10_9_x86_64.whl", hash = "sha256:d845c587ceb82ac7cbac7d0bf8c62a1a0fe7190b028b322da5ca65f6e5a18b9e"},
    {file = "pycryptodome-3.12.0-pp36-pypy36_pp73-manylinux1_x86_64.whl", hash = "sha256:d8083de50f6dec56c3c6f270fb193590999583a1b27c9c75bc0b5cac22d438cc"},
    {file = "pycryptodome-3.12.0-pp36-pypy36_pp73-manylinux2010_x86_64.whl", hash = "sha256:9ea2f6674c803602a7c0437fccdc2ea036707e60456974fe26ca263bd501ec45"},
    {file = "pycryptodome-3.12.0-pp36-pypy36_pp73-win32.whl", hash = "sha256:5d4264039a2087977f50072aaff2346d1c1c101cb359f9444cf92e3d1f42b4cd"},
    {file = "pycryptodome-3.12.0.zip", hash = "sha256:12c7343aec5a3b3df5c47265281b12b611f26ec9367b6129199d67da54b768c1"},
]
pyparsing = [
    {file = "pyparsing-3.0.6-py3-none-any.whl", hash = "sha256:04ff808a5b90911829c55c4e26f75fa5ca8a2f5f36aa3a51f68e27033341d3e4"},
    {file = "pyparsing-3.0.6.tar.gz", hash = "sha256:d9bdec0013ef1eb5a84ab39a3b3868911598afa494f5faa038647101504e2b81"},
]
pytest = [
    {file = "pytest-5.4.3-py3-none-any.whl", hash = "sha256:5c0db86b698e8f170ba4582a492248919255fcd4c79b1ee64ace34301fb589a1"},
    {file = "pytest-5.4.3.tar.gz", hash = "sha256:7979331bfcba207414f5e1263b5a0f8f521d0f457318836a7355531ed1a4c7d8"},
]
python-dotenv = [
    {file = "python-dotenv-0.19.2.tar.gz", hash = "sha256:a5de49a31e953b45ff2d2fd434bbc2670e8db5273606c1e737cc6b93eff3655f"},
    {file = "python_dotenv-0.19.2-py2.py3-none-any.whl", hash = "sha256:32b2bdc1873fd3a3c346da1c6db83d0053c3c62f28f1f38516070c4c8971b1d3"},
]
requests = [
    {file = "requests-2.26.0-py2.py3-none-any.whl", hash = "sha256:6c1246513ecd5ecd4528a0906f910e8f0f9c6b8ec72030dc9fd154dc1a6efd24"},
    {file = "requests-2.26.0.tar.gz", hash = "sha256:b8aa58f8cf793ffd8782d3d8cb19e66ef36f7aba4353eec859e74678b01b07a7"},
]
requests-mock = [
    {file = "requests-mock-1.8.0.tar.gz", hash = "sha256:e68f46844e4cee9d447150343c9ae875f99fa8037c6dcf5f15bf1fe9ab43d226"},
    {file = "requests_mock-1.8.0-py2.py3-none-any.whl", hash = "sha256:11215c6f4df72702aa357f205cf1e537cffd7392b3e787b58239bde5fb3db53b"},
]
six = [
    {file = "six-1.16.0-py2.py3-none-any.whl", hash = "sha256:8abb2f1d86890a2dfb989f9a77cfcfd3e47c2a354b01111771326f8aa26e0254"},
    {file = "six-1.16.0.tar.gz", hash = "sha256:1e61c37477a1626458e36f7b1d82aa5c9b094fa4802892072e49de9c60c4c926"},
]
toolz = [
    {file = "toolz-0.11.2-py3-none-any.whl", hash = "sha256:a5700ce83414c64514d82d60bcda8aabfde092d1c1a8663f9200c07fdcc6da8f"},
    {file = "toolz-0.11.2.tar.gz", hash = "sha256:6b312d5e15138552f1bda8a4e66c30e236c831b612b2bf0005f8a1df10a4bc33"},
]
urllib3 = [
    {file = "urllib3-1.26.7-py2.py3-none-any.whl", hash = "sha256:c4fdf4019605b6e5423637e01bc9fe4daef873709a7973e195ceba0a62bbc844"},
    {file = "urllib3-1.26.7.tar.gz", hash = "sha256:4987c65554f7a2dbf30c18fd48778ef124af6fab771a377103da0585e2336ece"},
]
wcwidth = [
    {file = "wcwidth-0.2.5-py2.py3-none-any.whl", hash = "sha256:beb4802a9cebb9144e99086eff703a642a13d6a0052920003a230f3294bbe784"},
    {file = "wcwidth-0.2.5.tar.gz", hash = "sha256:c4d647b99872929fdb7bdcaa4fbe7f01413ed3d98077df798530e5b04f116c83"},
]
